// !$*UTF8*$!
{
	archiveVersion = 1;
	classes = {
	};
	objectVersion = 55;
	objects = {

/* Begin PBXBuildFile section */
		6FC4597F5EDC576982D9499A /* Pods_StripOneTimePayment.framework in Frameworks */ = {isa = PBXBuildFile; fileRef = 364EBDB7182DD6A60DF7EFB2 /* Pods_StripOneTimePayment.framework */; };
		744CAE3927315F9700573670 /* AppDelegate.swift in Sources */ = {isa = PBXBuildFile; fileRef = 744CAE3827315F9700573670 /* AppDelegate.swift */; };
		744CAE3B27315F9700573670 /* SceneDelegate.swift in Sources */ = {isa = PBXBuildFile; fileRef = 744CAE3A27315F9700573670 /* SceneDelegate.swift */; };
		744CAE3D27315F9700573670 /* ViewController.swift in Sources */ = {isa = PBXBuildFile; fileRef = 744CAE3C27315F9700573670 /* ViewController.swift */; };
		744CAE4027315F9700573670 /* Main.storyboard in Resources */ = {isa = PBXBuildFile; fileRef = 744CAE3E27315F9700573670 /* Main.storyboard */; };
		744CAE4227315FA800573670 /* Assets.xcassets in Resources */ = {isa = PBXBuildFile; fileRef = 744CAE4127315FA800573670 /* Assets.xcassets */; };
		744CAE4527315FA800573670 /* LaunchScreen.storyboard in Resources */ = {isa = PBXBuildFile; fileRef = 744CAE4327315FA800573670 /* LaunchScreen.storyboard */; };
/* End PBXBuildFile section */

/* Begin PBXFileReference section */
		364EBDB7182DD6A60DF7EFB2 /* Pods_StripOneTimePayment.framework */ = {isa = PBXFileReference; explicitFileType = wrapper.framework; includeInIndex = 0; path = Pods_StripOneTimePayment.framework; sourceTree = BUILT_PRODUCTS_DIR; };
		744CAE3527315F9700573670 /* StripOneTimePayment.app */ = {isa = PBXFileReference; explicitFileType = wrapper.application; includeInIndex = 0; path = StripOneTimePayment.app; sourceTree = BUILT_PRODUCTS_DIR; };
		744CAE3827315F9700573670 /* AppDelegate.swift */ = {isa = PBXFileReference; lastKnownFileType = sourcecode.swift; path = AppDelegate.swift; sourceTree = "<group>"; };
		744CAE3A27315F9700573670 /* SceneDelegate.swift */ = {isa = PBXFileReference; lastKnownFileType = sourcecode.swift; path = SceneDelegate.swift; sourceTree = "<group>"; };
		744CAE3C27315F9700573670 /* ViewController.swift */ = {isa = PBXFileReference; lastKnownFileType = sourcecode.swift; path = ViewController.swift; sourceTree = "<group>"; };
		744CAE3F27315F9700573670 /* Base */ = {isa = PBXFileReference; lastKnownFileType = file.storyboard; name = Base; path = Base.lproj/Main.storyboard; sourceTree = "<group>"; };
		744CAE4127315FA800573670 /* Assets.xcassets */ = {isa = PBXFileReference; lastKnownFileType = folder.assetcatalog; path = Assets.xcassets; sourceTree = "<group>"; };
		744CAE4427315FA800573670 /* Base */ = {isa = PBXFileReference; lastKnownFileType = file.storyboard; name = Base; path = Base.lproj/LaunchScreen.storyboard; sourceTree = "<group>"; };
		744CAE4627315FA800573670 /* Info.plist */ = {isa = PBXFileReference; lastKnownFileType = text.plist.xml; path = Info.plist; sourceTree = "<group>"; };
		9331F2ADFD651108A2987710 /* Pods-StripOneTimePayment.debug.xcconfig */ = {isa = PBXFileReference; includeInIndex = 1; lastKnownFileType = text.xcconfig; name = "Pods-StripOneTimePayment.debug.xcconfig"; path = "Target Support Files/Pods-StripOneTimePayment/Pods-StripOneTimePayment.debug.xcconfig"; sourceTree = "<group>"; };
		A60ADB26096B5E9028E09BB0 /* Pods-StripOneTimePayment.release.xcconfig */ = {isa = PBXFileReference; includeInIndex = 1; lastKnownFileType = text.xcconfig; name = "Pods-StripOneTimePayment.release.xcconfig"; path = "Target Support Files/Pods-StripOneTimePayment/Pods-StripOneTimePayment.release.xcconfig"; sourceTree = "<group>"; };
/* End PBXFileReference section */

/* Begin PBXFrameworksBuildPhase section */
		744CAE3227315F9700573670 /* Frameworks */ = {
			isa = PBXFrameworksBuildPhase;
			buildActionMask = 2147483647;
			files = (
				6FC4597F5EDC576982D9499A /* Pods_StripOneTimePayment.framework in Frameworks */,
			);
			runOnlyForDeploymentPostprocessing = 0;
		};
/* End PBXFrameworksBuildPhase section */

/* Begin PBXGroup section */
		6304F39A79647012F3822282 /* Pods */ = {
			isa = PBXGroup;
			children = (
				9331F2ADFD651108A2987710 /* Pods-StripOneTimePayment.debug.xcconfig */,
				A60ADB26096B5E9028E09BB0 /* Pods-StripOneTimePayment.release.xcconfig */,
			);
			name = Pods;
			path = Pods;
			sourceTree = "<group>";
		};
		744CAE2C27315F9700573670 = {
			isa = PBXGroup;
			children = (
				744CAE3727315F9700573670 /* StripOneTimePayment */,
				744CAE3627315F9700573670 /* Products */,
				6304F39A79647012F3822282 /* Pods */,
				7520C9767088932F70D08D5C /* Frameworks */,
			);
			sourceTree = "<group>";
		};
		744CAE3627315F9700573670 /* Products */ = {
			isa = PBXGroup;
			children = (
				744CAE3527315F9700573670 /* StripOneTimePayment.app */,
			);
			name = Products;
			sourceTree = "<group>";
		};
		744CAE3727315F9700573670 /* StripOneTimePayment */ = {
			isa = PBXGroup;
			children = (
				744CAE3827315F9700573670 /* AppDelegate.swift */,
				744CAE3A27315F9700573670 /* SceneDelegate.swift */,
				744CAE3C27315F9700573670 /* ViewController.swift */,
				744CAE3E27315F9700573670 /* Main.storyboard */,
				744CAE4127315FA800573670 /* Assets.xcassets */,
				744CAE4327315FA800573670 /* LaunchScreen.storyboard */,
				744CAE4627315FA800573670 /* Info.plist */,
			);
			path = StripOneTimePayment;
			sourceTree = "<group>";
		};
		7520C9767088932F70D08D5C /* Frameworks */ = {
			isa = PBXGroup;
			children = (
				364EBDB7182DD6A60DF7EFB2 /* Pods_StripOneTimePayment.framework */,
			);
			name = Frameworks;
			sourceTree = "<group>";
		};
/* End PBXGroup section */

/* Begin PBXNativeTarget section */
		744CAE3427315F9700573670 /* StripOneTimePayment */ = {
			isa = PBXNativeTarget;
			buildConfigurationList = 744CAE4927315FA800573670 /* Build configuration list for PBXNativeTarget "StripOneTimePayment" */;
			buildPhases = (
				DBB07890F1E8FB8EFE03D143 /* [CP] Check Pods Manifest.lock */,
				744CAE3127315F9700573670 /* Sources */,
				744CAE3227315F9700573670 /* Frameworks */,
				744CAE3327315F9700573670 /* Resources */,
				5E19966A6B435B7407BF9610 /* [CP] Embed Pods Frameworks */,
			);
			buildRules = (
			);
			dependencies = (
			);
			name = StripOneTimePayment;
			productName = StripOneTimePayment;
			productReference = 744CAE3527315F9700573670 /* StripOneTimePayment.app */;
			productType = "com.apple.product-type.application";
		};
/* End PBXNativeTarget section */

/* Begin PBXProject section */
		744CAE2D27315F9700573670 /* Project object */ = {
			isa = PBXProject;
			attributes = {
				BuildIndependentTargetsInParallel = 1;
				LastSwiftUpdateCheck = 1300;
				LastUpgradeCheck = 1300;
				TargetAttributes = {
					744CAE3427315F9700573670 = {
						CreatedOnToolsVersion = 13.0;
					};
				};
			};
			buildConfigurationList = 744CAE3027315F9700573670 /* Build configuration list for PBXProject "StripOneTimePayment" */;
			compatibilityVersion = "Xcode 13.0";
			developmentRegion = en;
			hasScannedForEncodings = 0;
			knownRegions = (
				en,
				Base,
			);
			mainGroup = 744CAE2C27315F9700573670;
			productRefGroup = 744CAE3627315F9700573670 /* Products */;
			projectDirPath = "";
			projectRoot = "";
			targets = (
				744CAE3427315F9700573670 /* StripOneTimePayment */,
			);
		};
/* End PBXProject section */

/* Begin PBXResourcesBuildPhase section */
		744CAE3327315F9700573670 /* Resources */ = {
			isa = PBXResourcesBuildPhase;
			buildActionMask = 2147483647;
			files = (
				744CAE4527315FA800573670 /* LaunchScreen.storyboard in Resources */,
				744CAE4227315FA800573670 /* Assets.xcassets in Resources */,
				744CAE4027315F9700573670 /* Main.storyboard in Resources */,
			);
			runOnlyForDeploymentPostprocessing = 0;
		};
/* End PBXResourcesBuildPhase section */

/* Begin PBXShellScriptBuildPhase section */
		5E19966A6B435B7407BF9610 /* [CP] Embed Pods Frameworks */ = {
			isa = PBXShellScriptBuildPhase;
			buildActionMask = 2147483647;
			files = (
			);
			inputFileListPaths = (
				"${PODS_ROOT}/Target Support Files/Pods-StripOneTimePayment/Pods-StripOneTimePayment-frameworks-${CONFIGURATION}-input-files.xcfilelist",
			);
			name = "[CP] Embed Pods Frameworks";
			outputFileListPaths = (
				"${PODS_ROOT}/Target Support Files/Pods-StripOneTimePayment/Pods-StripOneTimePayment-frameworks-${CONFIGURATION}-output-files.xcfilelist",
			);
			runOnlyForDeploymentPostprocessing = 0;
			shellPath = /bin/sh;
			shellScript = "\"${PODS_ROOT}/Target Support Files/Pods-StripOneTimePayment/Pods-StripOneTimePayment-frameworks.sh\"\n";
			showEnvVarsInLog = 0;
		};
		DBB07890F1E8FB8EFE03D143 /* [CP] Check Pods Manifest.lock */ = {
			isa = PBXShellScriptBuildPhase;
			buildActionMask = 2147483647;
			files = (
			);
			inputFileListPaths = (
			);
			inputPaths = (
				"${PODS_PODFILE_DIR_PATH}/Podfile.lock",
				"${PODS_ROOT}/Manifest.lock",
			);
			name = "[CP] Check Pods Manifest.lock";
			outputFileListPaths = (
			);
			outputPaths = (
				"$(DERIVED_FILE_DIR)/Pods-StripOneTimePayment-checkManifestLockResult.txt",
			);
			runOnlyForDeploymentPostprocessing = 0;
			shellPath = /bin/sh;
			shellScript = "diff \"${PODS_PODFILE_DIR_PATH}/Podfile.lock\" \"${PODS_ROOT}/Manifest.lock\" > /dev/null\nif [ $? != 0 ] ; then\n    # print error to STDERR\n    echo \"error: The sandbox is not in sync with the Podfile.lock. Run 'pod install' or update your CocoaPods installation.\" >&2\n    exit 1\nfi\n# This output is used by Xcode 'outputs' to avoid re-running this script phase.\necho \"SUCCESS\" > \"${SCRIPT_OUTPUT_FILE_0}\"\n";
			showEnvVarsInLog = 0;
		};
/* End PBXShellScriptBuildPhase section */

/* Begin PBXSourcesBuildPhase section */
		744CAE3127315F9700573670 /* Sources */ = {
			isa = PBXSourcesBuildPhase;
			buildActionMask = 2147483647;
			files = (
				744CAE3D27315F9700573670 /* ViewController.swift in Sources */,
				744CAE3927315F9700573670 /* AppDelegate.swift in Sources */,
				744CAE3B27315F9700573670 /* SceneDelegate.swift in Sources */,
			);
			runOnlyForDeploymentPostprocessing = 0;
		};
/* End PBXSourcesBuildPhase section */

/* Begin PBXVariantGroup section */
		744CAE3E27315F9700573670 /* Main.storyboard */ = {
			isa = PBXVariantGroup;
			children = (
				744CAE3F27315F9700573670 /* Base */,
			);
			name = Main.storyboard;
			sourceTree = "<group>";
		};
		744CAE4327315FA800573670 /* LaunchScreen.storyboard */ = {
			isa = PBXVariantGroup;
			children = (
				744CAE4427315FA800573670 /* Base */,
			);
			name = LaunchScreen.storyboard;
			sourceTree = "<group>";
		};
/* End PBXVariantGroup section */

/* Begin XCBuildConfiguration section */
		744CAE4727315FA800573670 /* Debug */ = {
			isa = XCBuildConfiguration;
			buildSettings = {
				ALWAYS_SEARCH_USER_PATHS = NO;
				CLANG_ANALYZER_NONNULL = YES;
				CLANG_ANALYZER_NUMBER_OBJECT_CONVERSION = YES_AGGRESSIVE;
				CLANG_CXX_LANGUAGE_STANDARD = "gnu++17";
				CLANG_CXX_LIBRARY = "libc++";
				CLANG_ENABLE_MODULES = YES;
				CLANG_ENABLE_OBJC_ARC = YES;
				CLANG_ENABLE_OBJC_WEAK = YES;
				CLANG_WARN_BLOCK_CAPTURE_AUTORELEASING = YES;
				CLANG_WARN_BOOL_CONVERSION = YES;
				CLANG_WARN_COMMA = YES;
				CLANG_WARN_CONSTANT_CONVERSION = YES;
				CLANG_WARN_DEPRECATED_OBJC_IMPLEMENTATIONS = YES;
				CLANG_WARN_DIRECT_OBJC_ISA_USAGE = YES_ERROR;
				CLANG_WARN_DOCUMENTATION_COMMENTS = YES;
				CLANG_WARN_EMPTY_BODY = YES;
				CLANG_WARN_ENUM_CONVERSION = YES;
				CLANG_WARN_INFINITE_RECURSION = YES;
				CLANG_WARN_INT_CONVERSION = YES;
				CLANG_WARN_NON_LITERAL_NULL_CONVERSION = YES;
				CLANG_WARN_OBJC_IMPLICIT_RETAIN_SELF = YES;
				CLANG_WARN_OBJC_LITERAL_CONVERSION = YES;
				CLANG_WARN_OBJC_ROOT_CLASS = YES_ERROR;
				CLANG_WARN_QUOTED_INCLUDE_IN_FRAMEWORK_HEADER = YES;
				CLANG_WARN_RANGE_LOOP_ANALYSIS = YES;
				CLANG_WARN_STRICT_PROTOTYPES = YES;
				CLANG_WARN_SUSPICIOUS_MOVE = YES;
				CLANG_WARN_UNGUARDED_AVAILABILITY = YES_AGGRESSIVE;
				CLANG_WARN_UNREACHABLE_CODE = YES;
				CLANG_WARN__DUPLICATE_METHOD_MATCH = YES;
				COPY_PHASE_STRIP = NO;
				DEBUG_INFORMATION_FORMAT = dwarf;
				ENABLE_STRICT_OBJC_MSGSEND = YES;
				ENABLE_TESTABILITY = YES;
				GCC_C_LANGUAGE_STANDARD = gnu11;
				GCC_DYNAMIC_NO_PIC = NO;
				GCC_NO_COMMON_BLOCKS = YES;
				GCC_OPTIMIZATION_LEVEL = 0;
				GCC_PREPROCESSOR_DEFINITIONS = (
					"DEBUG=1",
					"$(inherited)",
				);
				GCC_WARN_64_TO_32_BIT_CONVERSION = YES;
				GCC_WARN_ABOUT_RETURN_TYPE = YES_ERROR;
				GCC_WARN_UNDECLARED_SELECTOR = YES;
				GCC_WARN_UNINITIALIZED_AUTOS = YES_AGGRESSIVE;
				GCC_WARN_UNUSED_FUNCTION = YES;
				GCC_WARN_UNUSED_VARIABLE = YES;
				IPHONEOS_DEPLOYMENT_TARGET = 15.0;
				MTL_ENABLE_DEBUG_INFO = INCLUDE_SOURCE;
				MTL_FAST_MATH = YES;
				ONLY_ACTIVE_ARCH = YES;
				SDKROOT = iphoneos;
				SWIFT_ACTIVE_COMPILATION_CONDITIONS = DEBUG;
				SWIFT_OPTIMIZATION_LEVEL = "-Onone";
			};
			name = Debug;
		};
		744CAE4827315FA800573670 /* Release */ = {
			isa = XCBuildConfiguration;
			buildSettings = {
				ALWAYS_SEARCH_USER_PATHS = NO;
				CLANG_ANALYZER_NONNULL = YES;
				CLANG_ANALYZER_NUMBER_OBJECT_CONVERSION = YES_AGGRESSIVE;
				CLANG_CXX_LANGUAGE_STANDARD = "gnu++17";
				CLANG_CXX_LIBRARY = "libc++";
				CLANG_ENABLE_MODULES = YES;
				CLANG_ENABLE_OBJC_ARC = YES;
				CLANG_ENABLE_OBJC_WEAK = YES;
				CLANG_WARN_BLOCK_CAPTURE_AUTORELEASING = YES;
				CLANG_WARN_BOOL_CONVERSION = YES;
				CLANG_WARN_COMMA = YES;
				CLANG_WARN_CONSTANT_CONVERSION = YES;
				CLANG_WARN_DEPRECATED_OBJC_IMPLEMENTATIONS = YES;
				CLANG_WARN_DIRECT_OBJC_ISA_USAGE = YES_ERROR;
				CLANG_WARN_DOCUMENTATION_COMMENTS = YES;
				CLANG_WARN_EMPTY_BODY = YES;
				CLANG_WARN_ENUM_CONVERSION = YES;
				CLANG_WARN_INFINITE_RECURSION = YES;
				CLANG_WARN_INT_CONVERSION = YES;
				CLANG_WARN_NON_LITERAL_NULL_CONVERSION = YES;
				CLANG_WARN_OBJC_IMPLICIT_RETAIN_SELF = YES;
				CLANG_WARN_OBJC_LITERAL_CONVERSION = YES;
				CLANG_WARN_OBJC_ROOT_CLASS = YES_ERROR;
				CLANG_WARN_QUOTED_INCLUDE_IN_FRAMEWORK_HEADER = YES;
				CLANG_WARN_RANGE_LOOP_ANALYSIS = YES;
				CLANG_WARN_STRICT_PROTOTYPES = YES;
				CLANG_WARN_SUSPICIOUS_MOVE = YES;
				CLANG_WARN_UNGUARDED_AVAILABILITY = YES_AGGRESSIVE;
				CLANG_WARN_UNREACHABLE_CODE = YES;
				CLANG_WARN__DUPLICATE_METHOD_MATCH = YES;
				COPY_PHASE_STRIP = NO;
				DEBUG_INFORMATION_FORMAT = "dwarf-with-dsym";
				ENABLE_NS_ASSERTIONS = NO;
				ENABLE_STRICT_OBJC_MSGSEND = YES;
				GCC_C_LANGUAGE_STANDARD = gnu11;
				GCC_NO_COMMON_BLOCKS = YES;
				GCC_WARN_64_TO_32_BIT_CONVERSION = YES;
				GCC_WARN_ABOUT_RETURN_TYPE = YES_ERROR;
				GCC_WARN_UNDECLARED_SELECTOR = YES;
				GCC_WARN_UNINITIALIZED_AUTOS = YES_AGGRESSIVE;
				GCC_WARN_UNUSED_FUNCTION = YES;
				GCC_WARN_UNUSED_VARIABLE = YES;
				IPHONEOS_DEPLOYMENT_TARGET = 15.0;
				MTL_ENABLE_DEBUG_INFO = NO;
				MTL_FAST_MATH = YES;
				SDKROOT = iphoneos;
				SWIFT_COMPILATION_MODE = wholemodule;
				SWIFT_OPTIMIZATION_LEVEL = "-O";
				VALIDATE_PRODUCT = YES;
			};
			name = Release;
		};
		744CAE4A27315FA800573670 /* Debug */ = {
			isa = XCBuildConfiguration;
			baseConfigurationReference = 9331F2ADFD651108A2987710 /* Pods-StripOneTimePayment.debug.xcconfig */;
			buildSettings = {
				ASSETCATALOG_COMPILER_APPICON_NAME = AppIcon;
				ASSETCATALOG_COMPILER_GLOBAL_ACCENT_COLOR_NAME = AccentColor;
				CODE_SIGN_STYLE = Automatic;
				CURRENT_PROJECT_VERSION = 1;
				GENERATE_INFOPLIST_FILE = YES;
				INFOPLIST_FILE = StripOneTimePayment/Info.plist;
				INFOPLIST_KEY_UIApplicationSupportsIndirectInputEvents = YES;
				INFOPLIST_KEY_UILaunchStoryboardName = LaunchScreen;
				INFOPLIST_KEY_UIMainStoryboardFile = Main;
				INFOPLIST_KEY_UISupportedInterfaceOrientations_iPad = "UIInterfaceOrientationPortrait UIInterfaceOrientationPortraitUpsideDown UIInterfaceOrientationLandscapeLeft UIInterfaceOrientationLandscapeRight";
				INFOPLIST_KEY_UISupportedInterfaceOrientations_iPhone = "UIInterfaceOrientationPortrait UIInterfaceOrientationLandscapeLeft UIInterfaceOrientationLandscapeRight";
				LD_RUNPATH_SEARCH_PATHS = (
					"$(inherited)",
					"@executable_path/Frameworks",
				);
				MARKETING_VERSION = 1.0;
				PRODUCT_BUNDLE_IDENTIFIER = StripOneTimePayment.StripOneTimePayment;
				PRODUCT_NAME = "$(TARGET_NAME)";
				SWIFT_EMIT_LOC_STRINGS = YES;
				SWIFT_VERSION = 5.0;
				TARGETED_DEVICE_FAMILY = "1,2";
			};
			name = Debug;
		};
		744CAE4B27315FA800573670 /* Release */ = {
			isa = XCBuildConfiguration;
			baseConfigurationReference = A60ADB26096B5E9028E09BB0 /* Pods-StripOneTimePayment.release.xcconfig */;
			buildSettings = {
				ASSETCATALOG_COMPILER_APPICON_NAME = AppIcon;
				ASSETCATALOG_COMPILER_GLOBAL_ACCENT_COLOR_NAME = AccentColor;
				CODE_SIGN_STYLE = Automatic;
				CURRENT_PROJECT_VERSION = 1;
				GENERATE_INFOPLIST_FILE = YES;
				INFOPLIST_FILE = StripOneTimePayment/Info.plist;
				INFOPLIST_KEY_UIApplicationSupportsIndirectInputEvents = YES;
				INFOPLIST_KEY_UILaunchStoryboardName = LaunchScreen;
				INFOPLIST_KEY_UIMainStoryboardFile = Main;
				INFOPLIST_KEY_UISupportedInterfaceOrientations_iPad = "UIInterfaceOrientationPortrait UIInterfaceOrientationPortraitUpsideDown UIInterfaceOrientationLandscapeLeft UIInterfaceOrientationLandscapeRight";
				INFOPLIST_KEY_UISupportedInterfaceOrientations_iPhone = "UIInterfaceOrientationPortrait UIInterfaceOrientationLandscapeLeft UIInterfaceOrientationLandscapeRight";
				LD_RUNPATH_SEARCH_PATHS = (
					"$(inherited)",
					"@executable_path/Frameworks",
				);
				MARKETING_VERSION = 1.0;
				PRODUCT_BUNDLE_IDENTIFIER = StripOneTimePayment.StripOneTimePayment;
				PRODUCT_NAME = "$(TARGET_NAME)";
				SWIFT_EMIT_LOC_STRINGS = YES;
				SWIFT_VERSION = 5.0;
				TARGETED_DEVICE_FAMILY = "1,2";
			};
			name = Release;
		};
/* End XCBuildConfiguration section */

/* Begin XCConfigurationList section */
		744CAE3027315F9700573670 /* Build configuration list for PBXProject "StripOneTimePayment" */ = {
			isa = XCConfigurationList;
			buildConfigurations = (
				744CAE4727315FA800573670 /* Debug */,
				744CAE4827315FA800573670 /* Release */,
			);
			defaultConfigurationIsVisible = 0;
			defaultConfigurationName = Release;
		};
		744CAE4927315FA800573670 /* Build configuration list for PBXNativeTarget "StripOneTimePayment" */ = {
			isa = XCConfigurationList;
			buildConfigurations = (
				744CAE4A27315FA800573670 /* Debug */,
				744CAE4B27315FA800573670 /* Release */,
			);
			defaultConfigurationIsVisible = 0;
			defaultConfigurationName = Release;
		};
/* End XCConfigurationList section */
	};
	rootObject = 744CAE2D27315F9700573670 /* Project object */;
}
